
Microsoft Visual Studio Solution File, Format Version 11.00
# Visual Studio 2010
Project("{8BC9CEB8-8B4A-11D0-8D11-00A0C91BC942}") = "CvGameCoreDLL", "CvGameCoreDLL\CvGameCoreDLL.vs2010.vcxproj", "{E323AF8E-688B-4ED7-BA84-269D8F3AAE2D}"
EndProject
Project("{8BC9CEB8-8B4A-11D0-8D11-00A0C91BC942}") = "CvGameCoreDLL_Expansion1", "CvGameCoreDLL_Expansion1\CvGameCoreDLL_Expansion1.vs2010.vcxproj", "{BA66E125-88D7-48AF-8CCF-F4F1901040AE}"
EndProject
Project("{8BC9CEB8-8B4A-11D0-8D11-00A0C91BC942}") = "CvGameCoreDLL_Expansion2", "CvGameCoreDLL_Expansion2\CvGameCoreDLL_Expansion2.vs2010.vcxproj", "{F58F230D-EE4A-40E0-91D5-93626E790055}"
EndProject
Global
	GlobalSection(SolutionConfigurationPlatforms) = preSolution
		Mod|Win32 = Mod|Win32
	EndGlobalSection
	GlobalSection(ProjectConfigurationPlatforms) = postSolution
		{E323AF8E-688B-4ED7-BA84-269D8F3AAE2D}.Mod|Win32.ActiveCfg = Mod|Win32
		{E323AF8E-688B-4ED7-BA84-269D8F3AAE2D}.Mod|Win32.Build.0 = Mod|Win32
		{BA66E125-88D7-48AF-8CCF-F4F1901040AE}.Mod|Win32.ActiveCfg = Mod|Win32
		{BA66E125-88D7-48AF-8CCF-F4F1901040AE}.Mod|Win32.Build.0 = Mod|Win32
		{F58F230D-EE4A-40E0-91D5-93626E790055}.Mod|Win32.ActiveCfg = Mod|Win32
		{F58F230D-EE4A-40E0-91D5-93626E790055}.Mod|Win32.Build.0 = Mod|Win32
	EndGlobalSection
	GlobalSection(SolutionProperties) = preSolution
		HideSolutionNode = FALSE
	EndGlobalSection
EndGlobal
